
Microsoft Visual Studio Solution File, Format Version 12.00
# Visual Studio Version 17
VisualStudioVersion = 17.10.34928.147
MinimumVisualStudioVersion = 10.0.40219.1
Project("{FAE04EC0-301F-11D3-BF4B-00C04F79EFBC}") = "Task1", "Training\Task1.csproj", "{DC6E98CF-948F-4A38-8A33-B926D00CD31C}"
EndProject
Global
	GlobalSection(SolutionConfigurationPlatforms) = preSolution
		Debug|Any CPU = Debug|Any CPU
		Release|Any CPU = Release|Any CPU
	EndGlobalSection
	GlobalSection(ProjectConfigurationPlatforms) = postSolution
		{DC6E98CF-948F-4A38-8A33-B926D00CD31C}.Debug|Any CPU.ActiveCfg = Debug|Any CPU
		{DC6E98CF-948F-4A38-8A33-B926D00CD31C}.Debug|Any CPU.Build.0 = Debug|Any CPU
		{DC6E98CF-948F-4A38-8A33-B926D00CD31C}.Release|Any CPU.ActiveCfg = Release|Any CPU
		{DC6E98CF-948F-4A38-8A33-B926D00CD31C}.Release|Any CPU.Build.0 = Release|Any CPU
	EndGlobalSection
	GlobalSection(SolutionProperties) = preSolution
		HideSolutionNode = FALSE
	EndGlobalSection
	GlobalSection(ExtensibilityGlobals) = postSolution
		SolutionGuid = {21C27BCE-C60D-402A-B0A6-11495C8DEB89}
	EndGlobalSection
EndGlobal
